
Microsoft Visual Studio Solution File, Format Version 12.00
# Visual Studio Version 17
VisualStudioVersion = 17.14.36429.23 d17.14
MinimumVisualStudioVersion = 10.0.40219.1
Project("{FAE04EC0-301F-11D3-BF4B-00C04F79EFBC}") = "DevMaster_Intership_Csharp_LDH", "DevMaster_Intership_Csharp_LDH.csproj", "{E1D92B71-D33A-489D-9AB3-961AA1FA19F1}"
EndProject
Global
	GlobalSection(SolutionConfigurationPlatforms) = preSolution
		Debug|Any CPU = Debug|Any CPU
		Release|Any CPU = Release|Any CPU
	EndGlobalSection
	GlobalSection(ProjectConfigurationPlatforms) = postSolution
		{E1D92B71-D33A-489D-9AB3-961AA1FA19F1}.Debug|Any CPU.ActiveCfg = Debug|Any CPU
		{E1D92B71-D33A-489D-9AB3-961AA1FA19F1}.Debug|Any CPU.Build.0 = Debug|Any CPU
		{E1D92B71-D33A-489D-9AB3-961AA1FA19F1}.Release|Any CPU.ActiveCfg = Release|Any CPU
		{E1D92B71-D33A-489D-9AB3-961AA1FA19F1}.Release|Any CPU.Build.0 = Release|Any CPU
	EndGlobalSection
	GlobalSection(SolutionProperties) = preSolution
		HideSolutionNode = FALSE
	EndGlobalSection
	GlobalSection(ExtensibilityGlobals) = postSolution
		SolutionGuid = {BEA17915-CCFE-4FD2-9488-CBFDE535EF23}
	EndGlobalSection
EndGlobal
